
Microsoft Visual Studio Solution File, Format Version 12.00
# Visual Studio Version 16
VisualStudioVersion = 16.0.30002.166
MinimumVisualStudioVersion = 10.0.40219.1
Project("{9A19103F-16F7-4668-BE54-9A1E7A4F7556}") = "Beauty.Model", "Beauty.Model\Beauty.Model.csproj", "{8A3A4973-8D36-40E1-B7BE-720AB3CB4903}"
EndProject
Project("{9A19103F-16F7-4668-BE54-9A1E7A4F7556}") = "Beauty.Persistence", "Beauty.Persistence\Beauty.Persistence.csproj", "{15A7E38F-42D5-4648-A761-5580D4D5FC6E}"
EndProject
Project("{2150E333-8FDC-42A3-9474-1A3956D46DE8}") = "1.Presentation", "1.Presentation", "{4953762E-EF11-4DEB-9BA3-DA27F21D6B99}"
EndProject
Project("{2150E333-8FDC-42A3-9474-1A3956D46DE8}") = "2.Application", "2.Application", "{AE9E4813-97C2-46BF-B49E-8C7FA128D54B}"
EndProject
Project("{2150E333-8FDC-42A3-9474-1A3956D46DE8}") = "3.Model", "3.Model", "{4F4CDD30-D935-4373-AB82-EA25E227FB99}"
EndProject
Project("{2150E333-8FDC-42A3-9474-1A3956D46DE8}") = "4.Persistence", "4.Persistence", "{6572E6D3-A77A-4EB8-A8EF-A64F63B246B4}"
EndProject
Project("{2150E333-8FDC-42A3-9474-1A3956D46DE8}") = "5.Common", "5.Common", "{AE2C7E0F-085B-4B27-A719-1427B8585B88}"
EndProject
Project("{2150E333-8FDC-42A3-9474-1A3956D46DE8}") = "Resource", "Resource", "{707DDD5E-487F-458E-9C27-07DBFB3D2D77}"
EndProject
Project("{9A19103F-16F7-4668-BE54-9A1E7A4F7556}") = "Beauty.Application", "Beauty.Application\Beauty.Application.csproj", "{F03840E7-1797-408B-AF33-4A299F8E1895}"
EndProject
Project("{9A19103F-16F7-4668-BE54-9A1E7A4F7556}") = "Common.Security", "Common.Security\Common.Security.csproj", "{C2D8E675-099D-4A2D-BBFE-0F644B7FD58A}"
EndProject
Project("{9A19103F-16F7-4668-BE54-9A1E7A4F7556}") = "Common.Persistance", "Common.Persistance\Common.Persistance.csproj", "{07BC3FAE-865C-4E7A-9A7A-7E14D6DD2D62}"
EndProject
Project("{9A19103F-16F7-4668-BE54-9A1E7A4F7556}") = "Common.Model", "Common.Model\Common.Model.csproj", "{1AD85A33-207D-4E3B-B466-9D92891D47C0}"
EndProject
Project("{9A19103F-16F7-4668-BE54-9A1E7A4F7556}") = "Common.Application", "Common.Application\Common.Application.csproj", "{42BC7C87-166C-4476-A48A-F7D6A93A168E}"
EndProject
Project("{9A19103F-16F7-4668-BE54-9A1E7A4F7556}") = "Beauty.Resource", "Beauty.Resource\Beauty.Resource.csproj", "{BABC0CDD-DB47-4574-ABEF-7E3F1923B15D}"
EndProject
Project("{9A19103F-16F7-4668-BE54-9A1E7A4F7556}") = "Common.Crosscutting", "Common.Crosscutting\Common.Crosscutting.csproj", "{9BEDD5AA-7EDB-4B36-94C3-0C717D4C51D9}"
EndProject
Project("{9A19103F-16F7-4668-BE54-9A1E7A4F7556}") = "Common.Presentation", "Common.Presentation\Common.Presentation.csproj", "{5A19F24C-AD53-452A-85F0-E74C001737A6}"
EndProject
Project("{9A19103F-16F7-4668-BE54-9A1E7A4F7556}") = "Beauty.Manager", "Beauty.Manager\Beauty.Manager.csproj", "{8B79714E-4F31-4468-997E-7EA23CD5395E}"
EndProject
Project("{9A19103F-16F7-4668-BE54-9A1E7A4F7556}") = "Beauty.Api.Personnel", "Beauty.Api.Personnel\Beauty.Api.Personnel.csproj", "{108BDD6D-A5FC-43B0-A223-72959CB930E4}"
EndProject
Project("{2150E333-8FDC-42A3-9474-1A3956D46DE8}") = "Web", "Web", "{8F00FDD1-E43E-485D-8C23-F79C405CA1A6}"
EndProject
Project("{2150E333-8FDC-42A3-9474-1A3956D46DE8}") = "Api", "Api", "{C23EC50F-0710-4A32-B3B4-26B17AC28F8F}"
EndProject
Project("{9A19103F-16F7-4668-BE54-9A1E7A4F7556}") = "Common.Logger", "Common.Logger\Common.Logger.csproj", "{67CA37BB-4E94-42CA-8F41-A5B4A10B5AAE}"
EndProject
Project("{2150E333-8FDC-42A3-9474-1A3956D46DE8}") = "_Theme", "_Theme", "{BF1769CC-2081-47EB-9BEA-29379B199F9A}"
EndProject
Project("{9A19103F-16F7-4668-BE54-9A1E7A4F7556}") = "Theme", "Theme\Theme.csproj", "{9FFF707E-A0C8-4E6F-B050-725A409487E6}"
EndProject
Project("{9A19103F-16F7-4668-BE54-9A1E7A4F7556}") = "Beauty.Web.Manager", "Beauty.Web.Manager\Beauty.Web.Manager.csproj", "{1381E4E5-177D-4247-BEBE-29B8C5996F42}"
EndProject
Global
	GlobalSection(SolutionConfigurationPlatforms) = preSolution
		Ad-Hoc|Any CPU = Ad-Hoc|Any CPU
		Ad-Hoc|iPhone = Ad-Hoc|iPhone
		Ad-Hoc|iPhoneSimulator = Ad-Hoc|iPhoneSimulator
		AppStore|Any CPU = AppStore|Any CPU
		AppStore|iPhone = AppStore|iPhone
		AppStore|iPhoneSimulator = AppStore|iPhoneSimulator
		Debug|Any CPU = Debug|Any CPU
		Debug|iPhone = Debug|iPhone
		Debug|iPhoneSimulator = Debug|iPhoneSimulator
		Release|Any CPU = Release|Any CPU
		Release|iPhone = Release|iPhone
		Release|iPhoneSimulator = Release|iPhoneSimulator
	EndGlobalSection
	GlobalSection(ProjectConfigurationPlatforms) = postSolution
		{8A3A4973-8D36-40E1-B7BE-720AB3CB4903}.Ad-Hoc|Any CPU.ActiveCfg = Release|Any CPU
		{8A3A4973-8D36-40E1-B7BE-720AB3CB4903}.Ad-Hoc|Any CPU.Build.0 = Release|Any CPU
		{8A3A4973-8D36-40E1-B7BE-720AB3CB4903}.Ad-Hoc|iPhone.ActiveCfg = Release|Any CPU
		{8A3A4973-8D36-40E1-B7BE-720AB3CB4903}.Ad-Hoc|iPhone.Build.0 = Release|Any CPU
		{8A3A4973-8D36-40E1-B7BE-720AB3CB4903}.Ad-Hoc|iPhoneSimulator.ActiveCfg = Release|Any CPU
		{8A3A4973-8D36-40E1-B7BE-720AB3CB4903}.Ad-Hoc|iPhoneSimulator.Build.0 = Release|Any CPU
		{8A3A4973-8D36-40E1-B7BE-720AB3CB4903}.AppStore|Any CPU.ActiveCfg = Release|Any CPU
		{8A3A4973-8D36-40E1-B7BE-720AB3CB4903}.AppStore|Any CPU.Build.0 = Release|Any CPU
		{8A3A4973-8D36-40E1-B7BE-720AB3CB4903}.AppStore|iPhone.ActiveCfg = Release|Any CPU
		{8A3A4973-8D36-40E1-B7BE-720AB3CB4903}.AppStore|iPhone.Build.0 = Release|Any CPU
		{8A3A4973-8D36-40E1-B7BE-720AB3CB4903}.AppStore|iPhoneSimulator.ActiveCfg = Release|Any CPU
		{8A3A4973-8D36-40E1-B7BE-720AB3CB4903}.AppStore|iPhoneSimulator.Build.0 = Release|Any CPU
		{8A3A4973-8D36-40E1-B7BE-720AB3CB4903}.Debug|Any CPU.ActiveCfg = Debug|Any CPU
		{8A3A4973-8D36-40E1-B7BE-720AB3CB4903}.Debug|Any CPU.Build.0 = Debug|Any CPU
		{8A3A4973-8D36-40E1-B7BE-720AB3CB4903}.Debug|iPhone.ActiveCfg = Debug|Any CPU
		{8A3A4973-8D36-40E1-B7BE-720AB3CB4903}.Debug|iPhone.Build.0 = Debug|Any CPU
		{8A3A4973-8D36-40E1-B7BE-720AB3CB4903}.Debug|iPhoneSimulator.ActiveCfg = Debug|Any CPU
		{8A3A4973-8D36-40E1-B7BE-720AB3CB4903}.Debug|iPhoneSimulator.Build.0 = Debug|Any CPU
		{8A3A4973-8D36-40E1-B7BE-720AB3CB4903}.Release|Any CPU.ActiveCfg = Release|Any CPU
		{8A3A4973-8D36-40E1-B7BE-720AB3CB4903}.Release|Any CPU.Build.0 = Release|Any CPU
		{8A3A4973-8D36-40E1-B7BE-720AB3CB4903}.Release|iPhone.ActiveCfg = Release|Any CPU
		{8A3A4973-8D36-40E1-B7BE-720AB3CB4903}.Release|iPhone.Build.0 = Release|Any CPU
		{8A3A4973-8D36-40E1-B7BE-720AB3CB4903}.Release|iPhoneSimulator.ActiveCfg = Release|Any CPU
		{8A3A4973-8D36-40E1-B7BE-720AB3CB4903}.Release|iPhoneSimulator.Build.0 = Release|Any CPU
		{15A7E38F-42D5-4648-A761-5580D4D5FC6E}.Ad-Hoc|Any CPU.ActiveCfg = Release|Any CPU
		{15A7E38F-42D5-4648-A761-5580D4D5FC6E}.Ad-Hoc|Any CPU.Build.0 = Release|Any CPU
		{15A7E38F-42D5-4648-A761-5580D4D5FC6E}.Ad-Hoc|iPhone.ActiveCfg = Release|Any CPU
		{15A7E38F-42D5-4648-A761-5580D4D5FC6E}.Ad-Hoc|iPhone.Build.0 = Release|Any CPU
		{15A7E38F-42D5-4648-A761-5580D4D5FC6E}.Ad-Hoc|iPhoneSimulator.ActiveCfg = Release|Any CPU
		{15A7E38F-42D5-4648-A761-5580D4D5FC6E}.Ad-Hoc|iPhoneSimulator.Build.0 = Release|Any CPU
		{15A7E38F-42D5-4648-A761-5580D4D5FC6E}.AppStore|Any CPU.ActiveCfg = Release|Any CPU
		{15A7E38F-42D5-4648-A761-5580D4D5FC6E}.AppStore|Any CPU.Build.0 = Release|Any CPU
		{15A7E38F-42D5-4648-A761-5580D4D5FC6E}.AppStore|iPhone.ActiveCfg = Release|Any CPU
		{15A7E38F-42D5-4648-A761-5580D4D5FC6E}.AppStore|iPhone.Build.0 = Release|Any CPU
		{15A7E38F-42D5-4648-A761-5580D4D5FC6E}.AppStore|iPhoneSimulator.ActiveCfg = Release|Any CPU
		{15A7E38F-42D5-4648-A761-5580D4D5FC6E}.AppStore|iPhoneSimulator.Build.0 = Release|Any CPU
		{15A7E38F-42D5-4648-A761-5580D4D5FC6E}.Debug|Any CPU.ActiveCfg = Debug|Any CPU
		{15A7E38F-42D5-4648-A761-5580D4D5FC6E}.Debug|Any CPU.Build.0 = Debug|Any CPU
		{15A7E38F-42D5-4648-A761-5580D4D5FC6E}.Debug|iPhone.ActiveCfg = Debug|Any CPU
		{15A7E38F-42D5-4648-A761-5580D4D5FC6E}.Debug|iPhone.Build.0 = Debug|Any CPU
		{15A7E38F-42D5-4648-A761-5580D4D5FC6E}.Debug|iPhoneSimulator.ActiveCfg = Debug|Any CPU
		{15A7E38F-42D5-4648-A761-5580D4D5FC6E}.Debug|iPhoneSimulator.Build.0 = Debug|Any CPU
		{15A7E38F-42D5-4648-A761-5580D4D5FC6E}.Release|Any CPU.ActiveCfg = Release|Any CPU
		{15A7E38F-42D5-4648-A761-5580D4D5FC6E}.Release|Any CPU.Build.0 = Release|Any CPU
		{15A7E38F-42D5-4648-A761-5580D4D5FC6E}.Release|iPhone.ActiveCfg = Release|Any CPU
		{15A7E38F-42D5-4648-A761-5580D4D5FC6E}.Release|iPhone.Build.0 = Release|Any CPU
		{15A7E38F-42D5-4648-A761-5580D4D5FC6E}.Release|iPhoneSimulator.ActiveCfg = Release|Any CPU
		{15A7E38F-42D5-4648-A761-5580D4D5FC6E}.Release|iPhoneSimulator.Build.0 = Release|Any CPU
		{F03840E7-1797-408B-AF33-4A299F8E1895}.Ad-Hoc|Any CPU.ActiveCfg = Release|Any CPU
		{F03840E7-1797-408B-AF33-4A299F8E1895}.Ad-Hoc|Any CPU.Build.0 = Release|Any CPU
		{F03840E7-1797-408B-AF33-4A299F8E1895}.Ad-Hoc|iPhone.ActiveCfg = Release|Any CPU
		{F03840E7-1797-408B-AF33-4A299F8E1895}.Ad-Hoc|iPhone.Build.0 = Release|Any CPU
		{F03840E7-1797-408B-AF33-4A299F8E1895}.Ad-Hoc|iPhoneSimulator.ActiveCfg = Release|Any CPU
		{F03840E7-1797-408B-AF33-4A299F8E1895}.Ad-Hoc|iPhoneSimulator.Build.0 = Release|Any CPU
		{F03840E7-1797-408B-AF33-4A299F8E1895}.AppStore|Any CPU.ActiveCfg = Release|Any CPU
		{F03840E7-1797-408B-AF33-4A299F8E1895}.AppStore|Any CPU.Build.0 = Release|Any CPU
		{F03840E7-1797-408B-AF33-4A299F8E1895}.AppStore|iPhone.ActiveCfg = Release|Any CPU
		{F03840E7-1797-408B-AF33-4A299F8E1895}.AppStore|iPhone.Build.0 = Release|Any CPU
		{F03840E7-1797-408B-AF33-4A299F8E1895}.AppStore|iPhoneSimulator.ActiveCfg = Release|Any CPU
		{F03840E7-1797-408B-AF33-4A299F8E1895}.AppStore|iPhoneSimulator.Build.0 = Release|Any CPU
		{F03840E7-1797-408B-AF33-4A299F8E1895}.Debug|Any CPU.ActiveCfg = Debug|Any CPU
		{F03840E7-1797-408B-AF33-4A299F8E1895}.Debug|Any CPU.Build.0 = Debug|Any CPU
		{F03840E7-1797-408B-AF33-4A299F8E1895}.Debug|iPhone.ActiveCfg = Debug|Any CPU
		{F03840E7-1797-408B-AF33-4A299F8E1895}.Debug|iPhone.Build.0 = Debug|Any CPU
		{F03840E7-1797-408B-AF33-4A299F8E1895}.Debug|iPhoneSimulator.ActiveCfg = Debug|Any CPU
		{F03840E7-1797-408B-AF33-4A299F8E1895}.Debug|iPhoneSimulator.Build.0 = Debug|Any CPU
		{F03840E7-1797-408B-AF33-4A299F8E1895}.Release|Any CPU.ActiveCfg = Release|Any CPU
		{F03840E7-1797-408B-AF33-4A299F8E1895}.Release|Any CPU.Build.0 = Release|Any CPU
		{F03840E7-1797-408B-AF33-4A299F8E1895}.Release|iPhone.ActiveCfg = Release|Any CPU
		{F03840E7-1797-408B-AF33-4A299F8E1895}.Release|iPhone.Build.0 = Release|Any CPU
		{F03840E7-1797-408B-AF33-4A299F8E1895}.Release|iPhoneSimulator.ActiveCfg = Release|Any CPU
		{F03840E7-1797-408B-AF33-4A299F8E1895}.Release|iPhoneSimulator.Build.0 = Release|Any CPU
		{C2D8E675-099D-4A2D-BBFE-0F644B7FD58A}.Ad-Hoc|Any CPU.ActiveCfg = Release|Any CPU
		{C2D8E675-099D-4A2D-BBFE-0F644B7FD58A}.Ad-Hoc|Any CPU.Build.0 = Release|Any CPU
		{C2D8E675-099D-4A2D-BBFE-0F644B7FD58A}.Ad-Hoc|iPhone.ActiveCfg = Release|Any CPU
		{C2D8E675-099D-4A2D-BBFE-0F644B7FD58A}.Ad-Hoc|iPhone.Build.0 = Release|Any CPU
		{C2D8E675-099D-4A2D-BBFE-0F644B7FD58A}.Ad-Hoc|iPhoneSimulator.ActiveCfg = Release|Any CPU
		{C2D8E675-099D-4A2D-BBFE-0F644B7FD58A}.Ad-Hoc|iPhoneSimulator.Build.0 = Release|Any CPU
		{C2D8E675-099D-4A2D-BBFE-0F644B7FD58A}.AppStore|Any CPU.ActiveCfg = Release|Any CPU
		{C2D8E675-099D-4A2D-BBFE-0F644B7FD58A}.AppStore|Any CPU.Build.0 = Release|Any CPU
		{C2D8E675-099D-4A2D-BBFE-0F644B7FD58A}.AppStore|iPhone.ActiveCfg = Release|Any CPU
		{C2D8E675-099D-4A2D-BBFE-0F644B7FD58A}.AppStore|iPhone.Build.0 = Release|Any CPU
		{C2D8E675-099D-4A2D-BBFE-0F644B7FD58A}.AppStore|iPhoneSimulator.ActiveCfg = Release|Any CPU
		{C2D8E675-099D-4A2D-BBFE-0F644B7FD58A}.AppStore|iPhoneSimulator.Build.0 = Release|Any CPU
		{C2D8E675-099D-4A2D-BBFE-0F644B7FD58A}.Debug|Any CPU.ActiveCfg = Debug|Any CPU
		{C2D8E675-099D-4A2D-BBFE-0F644B7FD58A}.Debug|Any CPU.Build.0 = Debug|Any CPU
		{C2D8E675-099D-4A2D-BBFE-0F644B7FD58A}.Debug|iPhone.ActiveCfg = Debug|Any CPU
		{C2D8E675-099D-4A2D-BBFE-0F644B7FD58A}.Debug|iPhone.Build.0 = Debug|Any CPU
		{C2D8E675-099D-4A2D-BBFE-0F644B7FD58A}.Debug|iPhoneSimulator.ActiveCfg = Debug|Any CPU
		{C2D8E675-099D-4A2D-BBFE-0F644B7FD58A}.Debug|iPhoneSimulator.Build.0 = Debug|Any CPU
		{C2D8E675-099D-4A2D-BBFE-0F644B7FD58A}.Release|Any CPU.ActiveCfg = Release|Any CPU
		{C2D8E675-099D-4A2D-BBFE-0F644B7FD58A}.Release|Any CPU.Build.0 = Release|Any CPU
		{C2D8E675-099D-4A2D-BBFE-0F644B7FD58A}.Release|iPhone.ActiveCfg = Release|Any CPU
		{C2D8E675-099D-4A2D-BBFE-0F644B7FD58A}.Release|iPhone.Build.0 = Release|Any CPU
		{C2D8E675-099D-4A2D-BBFE-0F644B7FD58A}.Release|iPhoneSimulator.ActiveCfg = Release|Any CPU
		{C2D8E675-099D-4A2D-BBFE-0F644B7FD58A}.Release|iPhoneSimulator.Build.0 = Release|Any CPU
		{07BC3FAE-865C-4E7A-9A7A-7E14D6DD2D62}.Ad-Hoc|Any CPU.ActiveCfg = Release|Any CPU
		{07BC3FAE-865C-4E7A-9A7A-7E14D6DD2D62}.Ad-Hoc|Any CPU.Build.0 = Release|Any CPU
		{07BC3FAE-865C-4E7A-9A7A-7E14D6DD2D62}.Ad-Hoc|iPhone.ActiveCfg = Release|Any CPU
		{07BC3FAE-865C-4E7A-9A7A-7E14D6DD2D62}.Ad-Hoc|iPhone.Build.0 = Release|Any CPU
		{07BC3FAE-865C-4E7A-9A7A-7E14D6DD2D62}.Ad-Hoc|iPhoneSimulator.ActiveCfg = Release|Any CPU
		{07BC3FAE-865C-4E7A-9A7A-7E14D6DD2D62}.Ad-Hoc|iPhoneSimulator.Build.0 = Release|Any CPU
		{07BC3FAE-865C-4E7A-9A7A-7E14D6DD2D62}.AppStore|Any CPU.ActiveCfg = Release|Any CPU
		{07BC3FAE-865C-4E7A-9A7A-7E14D6DD2D62}.AppStore|Any CPU.Build.0 = Release|Any CPU
		{07BC3FAE-865C-4E7A-9A7A-7E14D6DD2D62}.AppStore|iPhone.ActiveCfg = Release|Any CPU
		{07BC3FAE-865C-4E7A-9A7A-7E14D6DD2D62}.AppStore|iPhone.Build.0 = Release|Any CPU
		{07BC3FAE-865C-4E7A-9A7A-7E14D6DD2D62}.AppStore|iPhoneSimulator.ActiveCfg = Release|Any CPU
		{07BC3FAE-865C-4E7A-9A7A-7E14D6DD2D62}.AppStore|iPhoneSimulator.Build.0 = Release|Any CPU
		{07BC3FAE-865C-4E7A-9A7A-7E14D6DD2D62}.Debug|Any CPU.ActiveCfg = Debug|Any CPU
		{07BC3FAE-865C-4E7A-9A7A-7E14D6DD2D62}.Debug|Any CPU.Build.0 = Debug|Any CPU
		{07BC3FAE-865C-4E7A-9A7A-7E14D6DD2D62}.Debug|iPhone.ActiveCfg = Debug|Any CPU
		{07BC3FAE-865C-4E7A-9A7A-7E14D6DD2D62}.Debug|iPhone.Build.0 = Debug|Any CPU
		{07BC3FAE-865C-4E7A-9A7A-7E14D6DD2D62}.Debug|iPhoneSimulator.ActiveCfg = Debug|Any CPU
		{07BC3FAE-865C-4E7A-9A7A-7E14D6DD2D62}.Debug|iPhoneSimulator.Build.0 = Debug|Any CPU
		{07BC3FAE-865C-4E7A-9A7A-7E14D6DD2D62}.Release|Any CPU.ActiveCfg = Release|Any CPU
		{07BC3FAE-865C-4E7A-9A7A-7E14D6DD2D62}.Release|Any CPU.Build.0 = Release|Any CPU
		{07BC3FAE-865C-4E7A-9A7A-7E14D6DD2D62}.Release|iPhone.ActiveCfg = Release|Any CPU
		{07BC3FAE-865C-4E7A-9A7A-7E14D6DD2D62}.Release|iPhone.Build.0 = Release|Any CPU
		{07BC3FAE-865C-4E7A-9A7A-7E14D6DD2D62}.Release|iPhoneSimulator.ActiveCfg = Release|Any CPU
		{07BC3FAE-865C-4E7A-9A7A-7E14D6DD2D62}.Release|iPhoneSimulator.Build.0 = Release|Any CPU
		{1AD85A33-207D-4E3B-B466-9D92891D47C0}.Ad-Hoc|Any CPU.ActiveCfg = Release|Any CPU
		{1AD85A33-207D-4E3B-B466-9D92891D47C0}.Ad-Hoc|Any CPU.Build.0 = Release|Any CPU
		{1AD85A33-207D-4E3B-B466-9D92891D47C0}.Ad-Hoc|iPhone.ActiveCfg = Release|Any CPU
		{1AD85A33-207D-4E3B-B466-9D92891D47C0}.Ad-Hoc|iPhone.Build.0 = Release|Any CPU
		{1AD85A33-207D-4E3B-B466-9D92891D47C0}.Ad-Hoc|iPhoneSimulator.ActiveCfg = Release|Any CPU
		{1AD85A33-207D-4E3B-B466-9D92891D47C0}.Ad-Hoc|iPhoneSimulator.Build.0 = Release|Any CPU
		{1AD85A33-207D-4E3B-B466-9D92891D47C0}.AppStore|Any CPU.ActiveCfg = Release|Any CPU
		{1AD85A33-207D-4E3B-B466-9D92891D47C0}.AppStore|Any CPU.Build.0 = Release|Any CPU
		{1AD85A33-207D-4E3B-B466-9D92891D47C0}.AppStore|iPhone.ActiveCfg = Release|Any CPU
		{1AD85A33-207D-4E3B-B466-9D92891D47C0}.AppStore|iPhone.Build.0 = Release|Any CPU
		{1AD85A33-207D-4E3B-B466-9D92891D47C0}.AppStore|iPhoneSimulator.ActiveCfg = Release|Any CPU
		{1AD85A33-207D-4E3B-B466-9D92891D47C0}.AppStore|iPhoneSimulator.Build.0 = Release|Any CPU
		{1AD85A33-207D-4E3B-B466-9D92891D47C0}.Debug|Any CPU.ActiveCfg = Debug|Any CPU
		{1AD85A33-207D-4E3B-B466-9D92891D47C0}.Debug|Any CPU.Build.0 = Debug|Any CPU
		{1AD85A33-207D-4E3B-B466-9D92891D47C0}.Debug|iPhone.ActiveCfg = Debug|Any CPU
		{1AD85A33-207D-4E3B-B466-9D92891D47C0}.Debug|iPhone.Build.0 = Debug|Any CPU
		{1AD85A33-207D-4E3B-B466-9D92891D47C0}.Debug|iPhoneSimulator.ActiveCfg = Debug|Any CPU
		{1AD85A33-207D-4E3B-B466-9D92891D47C0}.Debug|iPhoneSimulator.Build.0 = Debug|Any CPU
		{1AD85A33-207D-4E3B-B466-9D92891D47C0}.Release|Any CPU.ActiveCfg = Release|Any CPU
		{1AD85A33-207D-4E3B-B466-9D92891D47C0}.Release|Any CPU.Build.0 = Release|Any CPU
		{1AD85A33-207D-4E3B-B466-9D92891D47C0}.Release|iPhone.ActiveCfg = Release|Any CPU
		{1AD85A33-207D-4E3B-B466-9D92891D47C0}.Release|iPhone.Build.0 = Release|Any CPU
		{1AD85A33-207D-4E3B-B466-9D92891D47C0}.Release|iPhoneSimulator.ActiveCfg = Release|Any CPU
		{1AD85A33-207D-4E3B-B466-9D92891D47C0}.Release|iPhoneSimulator.Build.0 = Release|Any CPU
		{42BC7C87-166C-4476-A48A-F7D6A93A168E}.Ad-Hoc|Any CPU.ActiveCfg = Release|Any CPU
		{42BC7C87-166C-4476-A48A-F7D6A93A168E}.Ad-Hoc|Any CPU.Build.0 = Release|Any CPU
		{42BC7C87-166C-4476-A48A-F7D6A93A168E}.Ad-Hoc|iPhone.ActiveCfg = Release|Any CPU
		{42BC7C87-166C-4476-A48A-F7D6A93A168E}.Ad-Hoc|iPhone.Build.0 = Release|Any CPU
		{42BC7C87-166C-4476-A48A-F7D6A93A168E}.Ad-Hoc|iPhoneSimulator.ActiveCfg = Release|Any CPU
		{42BC7C87-166C-4476-A48A-F7D6A93A168E}.Ad-Hoc|iPhoneSimulator.Build.0 = Release|Any CPU
		{42BC7C87-166C-4476-A48A-F7D6A93A168E}.AppStore|Any CPU.ActiveCfg = Release|Any CPU
		{42BC7C87-166C-4476-A48A-F7D6A93A168E}.AppStore|Any CPU.Build.0 = Release|Any CPU
		{42BC7C87-166C-4476-A48A-F7D6A93A168E}.AppStore|iPhone.ActiveCfg = Release|Any CPU
		{42BC7C87-166C-4476-A48A-F7D6A93A168E}.AppStore|iPhone.Build.0 = Release|Any CPU
		{42BC7C87-166C-4476-A48A-F7D6A93A168E}.AppStore|iPhoneSimulator.ActiveCfg = Release|Any CPU
		{42BC7C87-166C-4476-A48A-F7D6A93A168E}.AppStore|iPhoneSimulator.Build.0 = Release|Any CPU
		{42BC7C87-166C-4476-A48A-F7D6A93A168E}.Debug|Any CPU.ActiveCfg = Debug|Any CPU
		{42BC7C87-166C-4476-A48A-F7D6A93A168E}.Debug|Any CPU.Build.0 = Debug|Any CPU
		{42BC7C87-166C-4476-A48A-F7D6A93A168E}.Debug|iPhone.ActiveCfg = Debug|Any CPU
		{42BC7C87-166C-4476-A48A-F7D6A93A168E}.Debug|iPhone.Build.0 = Debug|Any CPU
		{42BC7C87-166C-4476-A48A-F7D6A93A168E}.Debug|iPhoneSimulator.ActiveCfg = Debug|Any CPU
		{42BC7C87-166C-4476-A48A-F7D6A93A168E}.Debug|iPhoneSimulator.Build.0 = Debug|Any CPU
		{42BC7C87-166C-4476-A48A-F7D6A93A168E}.Release|Any CPU.ActiveCfg = Release|Any CPU
		{42BC7C87-166C-4476-A48A-F7D6A93A168E}.Release|Any CPU.Build.0 = Release|Any CPU
		{42BC7C87-166C-4476-A48A-F7D6A93A168E}.Release|iPhone.ActiveCfg = Release|Any CPU
		{42BC7C87-166C-4476-A48A-F7D6A93A168E}.Release|iPhone.Build.0 = Release|Any CPU
		{42BC7C87-166C-4476-A48A-F7D6A93A168E}.Release|iPhoneSimulator.ActiveCfg = Release|Any CPU
		{42BC7C87-166C-4476-A48A-F7D6A93A168E}.Release|iPhoneSimulator.Build.0 = Release|Any CPU
		{BABC0CDD-DB47-4574-ABEF-7E3F1923B15D}.Ad-Hoc|Any CPU.ActiveCfg = Release|Any CPU
		{BABC0CDD-DB47-4574-ABEF-7E3F1923B15D}.Ad-Hoc|Any CPU.Build.0 = Release|Any CPU
		{BABC0CDD-DB47-4574-ABEF-7E3F1923B15D}.Ad-Hoc|iPhone.ActiveCfg = Release|Any CPU
		{BABC0CDD-DB47-4574-ABEF-7E3F1923B15D}.Ad-Hoc|iPhone.Build.0 = Release|Any CPU
		{BABC0CDD-DB47-4574-ABEF-7E3F1923B15D}.Ad-Hoc|iPhoneSimulator.ActiveCfg = Release|Any CPU
		{BABC0CDD-DB47-4574-ABEF-7E3F1923B15D}.Ad-Hoc|iPhoneSimulator.Build.0 = Release|Any CPU
		{BABC0CDD-DB47-4574-ABEF-7E3F1923B15D}.AppStore|Any CPU.ActiveCfg = Release|Any CPU
		{BABC0CDD-DB47-4574-ABEF-7E3F1923B15D}.AppStore|Any CPU.Build.0 = Release|Any CPU
		{BABC0CDD-DB47-4574-ABEF-7E3F1923B15D}.AppStore|iPhone.ActiveCfg = Release|Any CPU
		{BABC0CDD-DB47-4574-ABEF-7E3F1923B15D}.AppStore|iPhone.Build.0 = Release|Any CPU
		{BABC0CDD-DB47-4574-ABEF-7E3F1923B15D}.AppStore|iPhoneSimulator.ActiveCfg = Release|Any CPU
		{BABC0CDD-DB47-4574-ABEF-7E3F1923B15D}.AppStore|iPhoneSimulator.Build.0 = Release|Any CPU
		{BABC0CDD-DB47-4574-ABEF-7E3F1923B15D}.Debug|Any CPU.ActiveCfg = Debug|Any CPU
		{BABC0CDD-DB47-4574-ABEF-7E3F1923B15D}.Debug|Any CPU.Build.0 = Debug|Any CPU
		{BABC0CDD-DB47-4574-ABEF-7E3F1923B15D}.Debug|iPhone.ActiveCfg = Debug|Any CPU
		{BABC0CDD-DB47-4574-ABEF-7E3F1923B15D}.Debug|iPhone.Build.0 = Debug|Any CPU
		{BABC0CDD-DB47-4574-ABEF-7E3F1923B15D}.Debug|iPhoneSimulator.ActiveCfg = Debug|Any CPU
		{BABC0CDD-DB47-4574-ABEF-7E3F1923B15D}.Debug|iPhoneSimulator.Build.0 = Debug|Any CPU
		{BABC0CDD-DB47-4574-ABEF-7E3F1923B15D}.Release|Any CPU.ActiveCfg = Release|Any CPU
		{BABC0CDD-DB47-4574-ABEF-7E3F1923B15D}.Release|Any CPU.Build.0 = Release|Any CPU
		{BABC0CDD-DB47-4574-ABEF-7E3F1923B15D}.Release|iPhone.ActiveCfg = Release|Any CPU
		{BABC0CDD-DB47-4574-ABEF-7E3F1923B15D}.Release|iPhone.Build.0 = Release|Any CPU
		{BABC0CDD-DB47-4574-ABEF-7E3F1923B15D}.Release|iPhoneSimulator.ActiveCfg = Release|Any CPU
		{BABC0CDD-DB47-4574-ABEF-7E3F1923B15D}.Release|iPhoneSimulator.Build.0 = Release|Any CPU
		{9BEDD5AA-7EDB-4B36-94C3-0C717D4C51D9}.Ad-Hoc|Any CPU.ActiveCfg = Release|Any CPU
		{9BEDD5AA-7EDB-4B36-94C3-0C717D4C51D9}.Ad-Hoc|Any CPU.Build.0 = Release|Any CPU
		{9BEDD5AA-7EDB-4B36-94C3-0C717D4C51D9}.Ad-Hoc|iPhone.ActiveCfg = Release|Any CPU
		{9BEDD5AA-7EDB-4B36-94C3-0C717D4C51D9}.Ad-Hoc|iPhone.Build.0 = Release|Any CPU
		{9BEDD5AA-7EDB-4B36-94C3-0C717D4C51D9}.Ad-Hoc|iPhoneSimulator.ActiveCfg = Release|Any CPU
		{9BEDD5AA-7EDB-4B36-94C3-0C717D4C51D9}.Ad-Hoc|iPhoneSimulator.Build.0 = Release|Any CPU
		{9BEDD5AA-7EDB-4B36-94C3-0C717D4C51D9}.AppStore|Any CPU.ActiveCfg = Release|Any CPU
		{9BEDD5AA-7EDB-4B36-94C3-0C717D4C51D9}.AppStore|Any CPU.Build.0 = Release|Any CPU
		{9BEDD5AA-7EDB-4B36-94C3-0C717D4C51D9}.AppStore|iPhone.ActiveCfg = Release|Any CPU
		{9BEDD5AA-7EDB-4B36-94C3-0C717D4C51D9}.AppStore|iPhone.Build.0 = Release|Any CPU
		{9BEDD5AA-7EDB-4B36-94C3-0C717D4C51D9}.AppStore|iPhoneSimulator.ActiveCfg = Release|Any CPU
		{9BEDD5AA-7EDB-4B36-94C3-0C717D4C51D9}.AppStore|iPhoneSimulator.Build.0 = Release|Any CPU
		{9BEDD5AA-7EDB-4B36-94C3-0C717D4C51D9}.Debug|Any CPU.ActiveCfg = Debug|Any CPU
		{9BEDD5AA-7EDB-4B36-94C3-0C717D4C51D9}.Debug|Any CPU.Build.0 = Debug|Any CPU
		{9BEDD5AA-7EDB-4B36-94C3-0C717D4C51D9}.Debug|iPhone.ActiveCfg = Debug|Any CPU
		{9BEDD5AA-7EDB-4B36-94C3-0C717D4C51D9}.Debug|iPhone.Build.0 = Debug|Any CPU
		{9BEDD5AA-7EDB-4B36-94C3-0C717D4C51D9}.Debug|iPhoneSimulator.ActiveCfg = Debug|Any CPU
		{9BEDD5AA-7EDB-4B36-94C3-0C717D4C51D9}.Debug|iPhoneSimulator.Build.0 = Debug|Any CPU
		{9BEDD5AA-7EDB-4B36-94C3-0C717D4C51D9}.Release|Any CPU.ActiveCfg = Release|Any CPU
		{9BEDD5AA-7EDB-4B36-94C3-0C717D4C51D9}.Release|Any CPU.Build.0 = Release|Any CPU
		{9BEDD5AA-7EDB-4B36-94C3-0C717D4C51D9}.Release|iPhone.ActiveCfg = Release|Any CPU
		{9BEDD5AA-7EDB-4B36-94C3-0C717D4C51D9}.Release|iPhone.Build.0 = Release|Any CPU
		{9BEDD5AA-7EDB-4B36-94C3-0C717D4C51D9}.Release|iPhoneSimulator.ActiveCfg = Release|Any CPU
		{9BEDD5AA-7EDB-4B36-94C3-0C717D4C51D9}.Release|iPhoneSimulator.Build.0 = Release|Any CPU
		{5A19F24C-AD53-452A-85F0-E74C001737A6}.Ad-Hoc|Any CPU.ActiveCfg = Release|Any CPU
		{5A19F24C-AD53-452A-85F0-E74C001737A6}.Ad-Hoc|Any CPU.Build.0 = Release|Any CPU
		{5A19F24C-AD53-452A-85F0-E74C001737A6}.Ad-Hoc|iPhone.ActiveCfg = Release|Any CPU
		{5A19F24C-AD53-452A-85F0-E74C001737A6}.Ad-Hoc|iPhone.Build.0 = Release|Any CPU
		{5A19F24C-AD53-452A-85F0-E74C001737A6}.Ad-Hoc|iPhoneSimulator.ActiveCfg = Release|Any CPU
		{5A19F24C-AD53-452A-85F0-E74C001737A6}.Ad-Hoc|iPhoneSimulator.Build.0 = Release|Any CPU
		{5A19F24C-AD53-452A-85F0-E74C001737A6}.AppStore|Any CPU.ActiveCfg = Release|Any CPU
		{5A19F24C-AD53-452A-85F0-E74C001737A6}.AppStore|Any CPU.Build.0 = Release|Any CPU
		{5A19F24C-AD53-452A-85F0-E74C001737A6}.AppStore|iPhone.ActiveCfg = Release|Any CPU
		{5A19F24C-AD53-452A-85F0-E74C001737A6}.AppStore|iPhone.Build.0 = Release|Any CPU
		{5A19F24C-AD53-452A-85F0-E74C001737A6}.AppStore|iPhoneSimulator.ActiveCfg = Release|Any CPU
		{5A19F24C-AD53-452A-85F0-E74C001737A6}.AppStore|iPhoneSimulator.Build.0 = Release|Any CPU
		{5A19F24C-AD53-452A-85F0-E74C001737A6}.Debug|Any CPU.ActiveCfg = Debug|Any CPU
		{5A19F24C-AD53-452A-85F0-E74C001737A6}.Debug|Any CPU.Build.0 = Debug|Any CPU
		{5A19F24C-AD53-452A-85F0-E74C001737A6}.Debug|iPhone.ActiveCfg = Debug|Any CPU
		{5A19F24C-AD53-452A-85F0-E74C001737A6}.Debug|iPhone.Build.0 = Debug|Any CPU
		{5A19F24C-AD53-452A-85F0-E74C001737A6}.Debug|iPhoneSimulator.ActiveCfg = Debug|Any CPU
		{5A19F24C-AD53-452A-85F0-E74C001737A6}.Debug|iPhoneSimulator.Build.0 = Debug|Any CPU
		{5A19F24C-AD53-452A-85F0-E74C001737A6}.Release|Any CPU.ActiveCfg = Release|Any CPU
		{5A19F24C-AD53-452A-85F0-E74C001737A6}.Release|Any CPU.Build.0 = Release|Any CPU
		{5A19F24C-AD53-452A-85F0-E74C001737A6}.Release|iPhone.ActiveCfg = Release|Any CPU
		{5A19F24C-AD53-452A-85F0-E74C001737A6}.Release|iPhone.Build.0 = Release|Any CPU
		{5A19F24C-AD53-452A-85F0-E74C001737A6}.Release|iPhoneSimulator.ActiveCfg = Release|Any CPU
		{5A19F24C-AD53-452A-85F0-E74C001737A6}.Release|iPhoneSimulator.Build.0 = Release|Any CPU
		{8B79714E-4F31-4468-997E-7EA23CD5395E}.Ad-Hoc|Any CPU.ActiveCfg = Release|Any CPU
		{8B79714E-4F31-4468-997E-7EA23CD5395E}.Ad-Hoc|Any CPU.Build.0 = Release|Any CPU
		{8B79714E-4F31-4468-997E-7EA23CD5395E}.Ad-Hoc|iPhone.ActiveCfg = Release|Any CPU
		{8B79714E-4F31-4468-997E-7EA23CD5395E}.Ad-Hoc|iPhone.Build.0 = Release|Any CPU
		{8B79714E-4F31-4468-997E-7EA23CD5395E}.Ad-Hoc|iPhoneSimulator.ActiveCfg = Release|Any CPU
		{8B79714E-4F31-4468-997E-7EA23CD5395E}.Ad-Hoc|iPhoneSimulator.Build.0 = Release|Any CPU
		{8B79714E-4F31-4468-997E-7EA23CD5395E}.AppStore|Any CPU.ActiveCfg = Release|Any CPU
		{8B79714E-4F31-4468-997E-7EA23CD5395E}.AppStore|Any CPU.Build.0 = Release|Any CPU
		{8B79714E-4F31-4468-997E-7EA23CD5395E}.AppStore|iPhone.ActiveCfg = Release|Any CPU
		{8B79714E-4F31-4468-997E-7EA23CD5395E}.AppStore|iPhone.Build.0 = Release|Any CPU
		{8B79714E-4F31-4468-997E-7EA23CD5395E}.AppStore|iPhoneSimulator.ActiveCfg = Release|Any CPU
		{8B79714E-4F31-4468-997E-7EA23CD5395E}.AppStore|iPhoneSimulator.Build.0 = Release|Any CPU
		{8B79714E-4F31-4468-997E-7EA23CD5395E}.Debug|Any CPU.ActiveCfg = Debug|Any CPU
		{8B79714E-4F31-4468-997E-7EA23CD5395E}.Debug|Any CPU.Build.0 = Debug|Any CPU
		{8B79714E-4F31-4468-997E-7EA23CD5395E}.Debug|iPhone.ActiveCfg = Debug|Any CPU
		{8B79714E-4F31-4468-997E-7EA23CD5395E}.Debug|iPhone.Build.0 = Debug|Any CPU
		{8B79714E-4F31-4468-997E-7EA23CD5395E}.Debug|iPhoneSimulator.ActiveCfg = Debug|Any CPU
		{8B79714E-4F31-4468-997E-7EA23CD5395E}.Debug|iPhoneSimulator.Build.0 = Debug|Any CPU
		{8B79714E-4F31-4468-997E-7EA23CD5395E}.Release|Any CPU.ActiveCfg = Release|Any CPU
		{8B79714E-4F31-4468-997E-7EA23CD5395E}.Release|Any CPU.Build.0 = Release|Any CPU
		{8B79714E-4F31-4468-997E-7EA23CD5395E}.Release|iPhone.ActiveCfg = Release|Any CPU
		{8B79714E-4F31-4468-997E-7EA23CD5395E}.Release|iPhone.Build.0 = Release|Any CPU
		{8B79714E-4F31-4468-997E-7EA23CD5395E}.Release|iPhoneSimulator.ActiveCfg = Release|Any CPU
		{8B79714E-4F31-4468-997E-7EA23CD5395E}.Release|iPhoneSimulator.Build.0 = Release|Any CPU
		{108BDD6D-A5FC-43B0-A223-72959CB930E4}.Ad-Hoc|Any CPU.ActiveCfg = Release|Any CPU
		{108BDD6D-A5FC-43B0-A223-72959CB930E4}.Ad-Hoc|Any CPU.Build.0 = Release|Any CPU
		{108BDD6D-A5FC-43B0-A223-72959CB930E4}.Ad-Hoc|iPhone.ActiveCfg = Release|Any CPU
		{108BDD6D-A5FC-43B0-A223-72959CB930E4}.Ad-Hoc|iPhone.Build.0 = Release|Any CPU
		{108BDD6D-A5FC-43B0-A223-72959CB930E4}.Ad-Hoc|iPhoneSimulator.ActiveCfg = Release|Any CPU
		{108BDD6D-A5FC-43B0-A223-72959CB930E4}.Ad-Hoc|iPhoneSimulator.Build.0 = Release|Any CPU
		{108BDD6D-A5FC-43B0-A223-72959CB930E4}.AppStore|Any CPU.ActiveCfg = Release|Any CPU
		{108BDD6D-A5FC-43B0-A223-72959CB930E4}.AppStore|Any CPU.Build.0 = Release|Any CPU
		{108BDD6D-A5FC-43B0-A223-72959CB930E4}.AppStore|iPhone.ActiveCfg = Release|Any CPU
		{108BDD6D-A5FC-43B0-A223-72959CB930E4}.AppStore|iPhone.Build.0 = Release|Any CPU
		{108BDD6D-A5FC-43B0-A223-72959CB930E4}.AppStore|iPhoneSimulator.ActiveCfg = Release|Any CPU
		{108BDD6D-A5FC-43B0-A223-72959CB930E4}.AppStore|iPhoneSimulator.Build.0 = Release|Any CPU
		{108BDD6D-A5FC-43B0-A223-72959CB930E4}.Debug|Any CPU.ActiveCfg = Debug|Any CPU
		{108BDD6D-A5FC-43B0-A223-72959CB930E4}.Debug|Any CPU.Build.0 = Debug|Any CPU
		{108BDD6D-A5FC-43B0-A223-72959CB930E4}.Debug|iPhone.ActiveCfg = Debug|Any CPU
		{108BDD6D-A5FC-43B0-A223-72959CB930E4}.Debug|iPhone.Build.0 = Debug|Any CPU
		{108BDD6D-A5FC-43B0-A223-72959CB930E4}.Debug|iPhoneSimulator.ActiveCfg = Debug|Any CPU
		{108BDD6D-A5FC-43B0-A223-72959CB930E4}.Debug|iPhoneSimulator.Build.0 = Debug|Any CPU
		{108BDD6D-A5FC-43B0-A223-72959CB930E4}.Release|Any CPU.ActiveCfg = Release|Any CPU
		{108BDD6D-A5FC-43B0-A223-72959CB930E4}.Release|Any CPU.Build.0 = Release|Any CPU
		{108BDD6D-A5FC-43B0-A223-72959CB930E4}.Release|iPhone.ActiveCfg = Release|Any CPU
		{108BDD6D-A5FC-43B0-A223-72959CB930E4}.Release|iPhone.Build.0 = Release|Any CPU
		{108BDD6D-A5FC-43B0-A223-72959CB930E4}.Release|iPhoneSimulator.ActiveCfg = Release|Any CPU
		{108BDD6D-A5FC-43B0-A223-72959CB930E4}.Release|iPhoneSimulator.Build.0 = Release|Any CPU
		{67CA37BB-4E94-42CA-8F41-A5B4A10B5AAE}.Ad-Hoc|Any CPU.ActiveCfg = Debug|Any CPU
		{67CA37BB-4E94-42CA-8F41-A5B4A10B5AAE}.Ad-Hoc|Any CPU.Build.0 = Debug|Any CPU
		{67CA37BB-4E94-42CA-8F41-A5B4A10B5AAE}.Ad-Hoc|iPhone.ActiveCfg = Debug|Any CPU
		{67CA37BB-4E94-42CA-8F41-A5B4A10B5AAE}.Ad-Hoc|iPhone.Build.0 = Debug|Any CPU
		{67CA37BB-4E94-42CA-8F41-A5B4A10B5AAE}.Ad-Hoc|iPhoneSimulator.ActiveCfg = Debug|Any CPU
		{67CA37BB-4E94-42CA-8F41-A5B4A10B5AAE}.Ad-Hoc|iPhoneSimulator.Build.0 = Debug|Any CPU
		{67CA37BB-4E94-42CA-8F41-A5B4A10B5AAE}.AppStore|Any CPU.ActiveCfg = Debug|Any CPU
		{67CA37BB-4E94-42CA-8F41-A5B4A10B5AAE}.AppStore|Any CPU.Build.0 = Debug|Any CPU
		{67CA37BB-4E94-42CA-8F41-A5B4A10B5AAE}.AppStore|iPhone.ActiveCfg = Debug|Any CPU
		{67CA37BB-4E94-42CA-8F41-A5B4A10B5AAE}.AppStore|iPhone.Build.0 = Debug|Any CPU
		{67CA37BB-4E94-42CA-8F41-A5B4A10B5AAE}.AppStore|iPhoneSimulator.ActiveCfg = Debug|Any CPU
		{67CA37BB-4E94-42CA-8F41-A5B4A10B5AAE}.AppStore|iPhoneSimulator.Build.0 = Debug|Any CPU
		{67CA37BB-4E94-42CA-8F41-A5B4A10B5AAE}.Debug|Any CPU.ActiveCfg = Debug|Any CPU
		{67CA37BB-4E94-42CA-8F41-A5B4A10B5AAE}.Debug|Any CPU.Build.0 = Debug|Any CPU
		{67CA37BB-4E94-42CA-8F41-A5B4A10B5AAE}.Debug|iPhone.ActiveCfg = Debug|Any CPU
		{67CA37BB-4E94-42CA-8F41-A5B4A10B5AAE}.Debug|iPhone.Build.0 = Debug|Any CPU
		{67CA37BB-4E94-42CA-8F41-A5B4A10B5AAE}.Debug|iPhoneSimulator.ActiveCfg = Debug|Any CPU
		{67CA37BB-4E94-42CA-8F41-A5B4A10B5AAE}.Debug|iPhoneSimulator.Build.0 = Debug|Any CPU
		{67CA37BB-4E94-42CA-8F41-A5B4A10B5AAE}.Release|Any CPU.ActiveCfg = Release|Any CPU
		{67CA37BB-4E94-42CA-8F41-A5B4A10B5AAE}.Release|Any CPU.Build.0 = Release|Any CPU
		{67CA37BB-4E94-42CA-8F41-A5B4A10B5AAE}.Release|iPhone.ActiveCfg = Release|Any CPU
		{67CA37BB-4E94-42CA-8F41-A5B4A10B5AAE}.Release|iPhone.Build.0 = Release|Any CPU
		{67CA37BB-4E94-42CA-8F41-A5B4A10B5AAE}.Release|iPhoneSimulator.ActiveCfg = Release|Any CPU
		{67CA37BB-4E94-42CA-8F41-A5B4A10B5AAE}.Release|iPhoneSimulator.Build.0 = Release|Any CPU
		{9FFF707E-A0C8-4E6F-B050-725A409487E6}.Ad-Hoc|Any CPU.ActiveCfg = Debug|Any CPU
		{9FFF707E-A0C8-4E6F-B050-725A409487E6}.Ad-Hoc|Any CPU.Build.0 = Debug|Any CPU
		{9FFF707E-A0C8-4E6F-B050-725A409487E6}.Ad-Hoc|iPhone.ActiveCfg = Debug|Any CPU
		{9FFF707E-A0C8-4E6F-B050-725A409487E6}.Ad-Hoc|iPhone.Build.0 = Debug|Any CPU
		{9FFF707E-A0C8-4E6F-B050-725A409487E6}.Ad-Hoc|iPhoneSimulator.ActiveCfg = Debug|Any CPU
		{9FFF707E-A0C8-4E6F-B050-725A409487E6}.Ad-Hoc|iPhoneSimulator.Build.0 = Debug|Any CPU
		{9FFF707E-A0C8-4E6F-B050-725A409487E6}.AppStore|Any CPU.ActiveCfg = Debug|Any CPU
		{9FFF707E-A0C8-4E6F-B050-725A409487E6}.AppStore|Any CPU.Build.0 = Debug|Any CPU
		{9FFF707E-A0C8-4E6F-B050-725A409487E6}.AppStore|iPhone.ActiveCfg = Debug|Any CPU
		{9FFF707E-A0C8-4E6F-B050-725A409487E6}.AppStore|iPhone.Build.0 = Debug|Any CPU
		{9FFF707E-A0C8-4E6F-B050-725A409487E6}.AppStore|iPhoneSimulator.ActiveCfg = Debug|Any CPU
		{9FFF707E-A0C8-4E6F-B050-725A409487E6}.AppStore|iPhoneSimulator.Build.0 = Debug|Any CPU
		{9FFF707E-A0C8-4E6F-B050-725A409487E6}.Debug|Any CPU.ActiveCfg = Debug|Any CPU
		{9FFF707E-A0C8-4E6F-B050-725A409487E6}.Debug|Any CPU.Build.0 = Debug|Any CPU
		{9FFF707E-A0C8-4E6F-B050-725A409487E6}.Debug|iPhone.ActiveCfg = Debug|Any CPU
		{9FFF707E-A0C8-4E6F-B050-725A409487E6}.Debug|iPhone.Build.0 = Debug|Any CPU
		{9FFF707E-A0C8-4E6F-B050-725A409487E6}.Debug|iPhoneSimulator.ActiveCfg = Debug|Any CPU
		{9FFF707E-A0C8-4E6F-B050-725A409487E6}.Debug|iPhoneSimulator.Build.0 = Debug|Any CPU
		{9FFF707E-A0C8-4E6F-B050-725A409487E6}.Release|Any CPU.ActiveCfg = Release|Any CPU
		{9FFF707E-A0C8-4E6F-B050-725A409487E6}.Release|Any CPU.Build.0 = Release|Any CPU
		{9FFF707E-A0C8-4E6F-B050-725A409487E6}.Release|iPhone.ActiveCfg = Release|Any CPU
		{9FFF707E-A0C8-4E6F-B050-725A409487E6}.Release|iPhone.Build.0 = Release|Any CPU
		{9FFF707E-A0C8-4E6F-B050-725A409487E6}.Release|iPhoneSimulator.ActiveCfg = Release|Any CPU
		{9FFF707E-A0C8-4E6F-B050-725A409487E6}.Release|iPhoneSimulator.Build.0 = Release|Any CPU
		{1381E4E5-177D-4247-BEBE-29B8C5996F42}.Ad-Hoc|Any CPU.ActiveCfg = Debug|Any CPU
		{1381E4E5-177D-4247-BEBE-29B8C5996F42}.Ad-Hoc|Any CPU.Build.0 = Debug|Any CPU
		{1381E4E5-177D-4247-BEBE-29B8C5996F42}.Ad-Hoc|iPhone.ActiveCfg = Debug|Any CPU
		{1381E4E5-177D-4247-BEBE-29B8C5996F42}.Ad-Hoc|iPhone.Build.0 = Debug|Any CPU
		{1381E4E5-177D-4247-BEBE-29B8C5996F42}.Ad-Hoc|iPhoneSimulator.ActiveCfg = Debug|Any CPU
		{1381E4E5-177D-4247-BEBE-29B8C5996F42}.Ad-Hoc|iPhoneSimulator.Build.0 = Debug|Any CPU
		{1381E4E5-177D-4247-BEBE-29B8C5996F42}.AppStore|Any CPU.ActiveCfg = Debug|Any CPU
		{1381E4E5-177D-4247-BEBE-29B8C5996F42}.AppStore|Any CPU.Build.0 = Debug|Any CPU
		{1381E4E5-177D-4247-BEBE-29B8C5996F42}.AppStore|iPhone.ActiveCfg = Debug|Any CPU
		{1381E4E5-177D-4247-BEBE-29B8C5996F42}.AppStore|iPhone.Build.0 = Debug|Any CPU
		{1381E4E5-177D-4247-BEBE-29B8C5996F42}.AppStore|iPhoneSimulator.ActiveCfg = Debug|Any CPU
		{1381E4E5-177D-4247-BEBE-29B8C5996F42}.AppStore|iPhoneSimulator.Build.0 = Debug|Any CPU
		{1381E4E5-177D-4247-BEBE-29B8C5996F42}.Debug|Any CPU.ActiveCfg = Debug|Any CPU
		{1381E4E5-177D-4247-BEBE-29B8C5996F42}.Debug|Any CPU.Build.0 = Debug|Any CPU
		{1381E4E5-177D-4247-BEBE-29B8C5996F42}.Debug|iPhone.ActiveCfg = Debug|Any CPU
		{1381E4E5-177D-4247-BEBE-29B8C5996F42}.Debug|iPhone.Build.0 = Debug|Any CPU
		{1381E4E5-177D-4247-BEBE-29B8C5996F42}.Debug|iPhoneSimulator.ActiveCfg = Debug|Any CPU
		{1381E4E5-177D-4247-BEBE-29B8C5996F42}.Debug|iPhoneSimulator.Build.0 = Debug|Any CPU
		{1381E4E5-177D-4247-BEBE-29B8C5996F42}.Release|Any CPU.ActiveCfg = Release|Any CPU
		{1381E4E5-177D-4247-BEBE-29B8C5996F42}.Release|Any CPU.Build.0 = Release|Any CPU
		{1381E4E5-177D-4247-BEBE-29B8C5996F42}.Release|iPhone.ActiveCfg = Release|Any CPU
		{1381E4E5-177D-4247-BEBE-29B8C5996F42}.Release|iPhone.Build.0 = Release|Any CPU
		{1381E4E5-177D-4247-BEBE-29B8C5996F42}.Release|iPhoneSimulator.ActiveCfg = Release|Any CPU
		{1381E4E5-177D-4247-BEBE-29B8C5996F42}.Release|iPhoneSimulator.Build.0 = Release|Any CPU
	EndGlobalSection
	GlobalSection(SolutionProperties) = preSolution
		HideSolutionNode = FALSE
	EndGlobalSection
	GlobalSection(NestedProjects) = preSolution
		{8A3A4973-8D36-40E1-B7BE-720AB3CB4903} = {4F4CDD30-D935-4373-AB82-EA25E227FB99}
		{15A7E38F-42D5-4648-A761-5580D4D5FC6E} = {6572E6D3-A77A-4EB8-A8EF-A64F63B246B4}
		{F03840E7-1797-408B-AF33-4A299F8E1895} = {AE9E4813-97C2-46BF-B49E-8C7FA128D54B}
		{C2D8E675-099D-4A2D-BBFE-0F644B7FD58A} = {AE2C7E0F-085B-4B27-A719-1427B8585B88}
		{07BC3FAE-865C-4E7A-9A7A-7E14D6DD2D62} = {AE2C7E0F-085B-4B27-A719-1427B8585B88}
		{1AD85A33-207D-4E3B-B466-9D92891D47C0} = {AE2C7E0F-085B-4B27-A719-1427B8585B88}
		{42BC7C87-166C-4476-A48A-F7D6A93A168E} = {AE2C7E0F-085B-4B27-A719-1427B8585B88}
		{BABC0CDD-DB47-4574-ABEF-7E3F1923B15D} = {707DDD5E-487F-458E-9C27-07DBFB3D2D77}
		{9BEDD5AA-7EDB-4B36-94C3-0C717D4C51D9} = {AE2C7E0F-085B-4B27-A719-1427B8585B88}
		{5A19F24C-AD53-452A-85F0-E74C001737A6} = {AE2C7E0F-085B-4B27-A719-1427B8585B88}
		{8B79714E-4F31-4468-997E-7EA23CD5395E} = {8F00FDD1-E43E-485D-8C23-F79C405CA1A6}
		{108BDD6D-A5FC-43B0-A223-72959CB930E4} = {C23EC50F-0710-4A32-B3B4-26B17AC28F8F}
		{8F00FDD1-E43E-485D-8C23-F79C405CA1A6} = {4953762E-EF11-4DEB-9BA3-DA27F21D6B99}
		{C23EC50F-0710-4A32-B3B4-26B17AC28F8F} = {4953762E-EF11-4DEB-9BA3-DA27F21D6B99}
		{67CA37BB-4E94-42CA-8F41-A5B4A10B5AAE} = {AE2C7E0F-085B-4B27-A719-1427B8585B88}
		{BF1769CC-2081-47EB-9BEA-29379B199F9A} = {4953762E-EF11-4DEB-9BA3-DA27F21D6B99}
		{9FFF707E-A0C8-4E6F-B050-725A409487E6} = {BF1769CC-2081-47EB-9BEA-29379B199F9A}
		{1381E4E5-177D-4247-BEBE-29B8C5996F42} = {8F00FDD1-E43E-485D-8C23-F79C405CA1A6}
	EndGlobalSection
	GlobalSection(ExtensibilityGlobals) = postSolution
		SolutionGuid = {032DD70A-D17D-4F2E-AE92-72198B22525A}
	EndGlobalSection
EndGlobal
